
Microsoft Visual Studio Solution File, Format Version 12.00
# Visual Studio 14
VisualStudioVersion = 14.0.25420.1
MinimumVisualStudioVersion = 10.0.40219.1
Project("{FAE04EC0-301F-11D3-BF4B-00C04F79EFBC}") = "PhotoBook", "PhotoBook\PhotoBook.csproj", "{7C7F5908-DA30-499D-95E8-404C8C2B4BB2}"
EndProject
Project("{FAE04EC0-301F-11D3-BF4B-00C04F79EFBC}") = "PhotoBook.Tests", "PhotoBook.Tests\PhotoBook.Tests.csproj", "{FF960125-694F-4901-8D57-BA9C8CCA500D}"
EndProject
Global
	GlobalSection(SolutionConfigurationPlatforms) = preSolution
		Debug|Any CPU = Debug|Any CPU
		Release|Any CPU = Release|Any CPU
	EndGlobalSection
	GlobalSection(ProjectConfigurationPlatforms) = postSolution
		{7C7F5908-DA30-499D-95E8-404C8C2B4BB2}.Debug|Any CPU.ActiveCfg = Debug|Any CPU
		{7C7F5908-DA30-499D-95E8-404C8C2B4BB2}.Debug|Any CPU.Build.0 = Debug|Any CPU
		{7C7F5908-DA30-499D-95E8-404C8C2B4BB2}.Release|Any CPU.ActiveCfg = Release|Any CPU
		{7C7F5908-DA30-499D-95E8-404C8C2B4BB2}.Release|Any CPU.Build.0 = Release|Any CPU
		{FF960125-694F-4901-8D57-BA9C8CCA500D}.Debug|Any CPU.ActiveCfg = Debug|Any CPU
		{FF960125-694F-4901-8D57-BA9C8CCA500D}.Debug|Any CPU.Build.0 = Debug|Any CPU
		{FF960125-694F-4901-8D57-BA9C8CCA500D}.Release|Any CPU.ActiveCfg = Release|Any CPU
		{FF960125-694F-4901-8D57-BA9C8CCA500D}.Release|Any CPU.Build.0 = Release|Any CPU
	EndGlobalSection
	GlobalSection(SolutionProperties) = preSolution
		HideSolutionNode = FALSE
	EndGlobalSection
EndGlobal
